
Microsoft Visual Studio Solution File, Format Version 12.00
# Visual Studio Version 17
VisualStudioVersion = 17.10.34825.169
MinimumVisualStudioVersion = 10.0.40219.1
Project("{FAE04EC0-301F-11D3-BF4B-00C04F79EFBC}") = "VitaInfinitaForum", "VitaInfinitaForum.csproj", "{AA266A77-C2F9-450C-9E04-1D454C7EA2D6}"
EndProject
Global
	GlobalSection(SolutionConfigurationPlatforms) = preSolution
		Debug|Any CPU = Debug|Any CPU
		Release|Any CPU = Release|Any CPU
	EndGlobalSection
	GlobalSection(ProjectConfigurationPlatforms) = postSolution
		{AA266A77-C2F9-450C-9E04-1D454C7EA2D6}.Debug|Any CPU.ActiveCfg = Debug|Any CPU
		{AA266A77-C2F9-450C-9E04-1D454C7EA2D6}.Debug|Any CPU.Build.0 = Debug|Any CPU
		{AA266A77-C2F9-450C-9E04-1D454C7EA2D6}.Release|Any CPU.ActiveCfg = Release|Any CPU
		{AA266A77-C2F9-450C-9E04-1D454C7EA2D6}.Release|Any CPU.Build.0 = Release|Any CPU
	EndGlobalSection
	GlobalSection(SolutionProperties) = preSolution
		HideSolutionNode = FALSE
	EndGlobalSection
	GlobalSection(ExtensibilityGlobals) = postSolution
		SolutionGuid = {E1731CE2-F567-43A3-AB23-150B8D487E84}
	EndGlobalSection
EndGlobal
